
Microsoft Visual Studio Solution File, Format Version 12.00
# Visual Studio Version 17
VisualStudioVersion = 17.8.34322.80
MinimumVisualStudioVersion = 10.0.40219.1
Project("{9A19103F-16F7-4668-BE54-9A1E7A4F7556}") = "MeteoMultiplier", "MeteoMultiplier.csproj", "{3216935B-07B4-4C12-B4AC-C61BFCE5E24F}"
EndProject
Global
	GlobalSection(SolutionConfigurationPlatforms) = preSolution
		Debug|Any CPU = Debug|Any CPU
		Release|Any CPU = Release|Any CPU
	EndGlobalSection
	GlobalSection(ProjectConfigurationPlatforms) = postSolution
		{3216935B-07B4-4C12-B4AC-C61BFCE5E24F}.Debug|Any CPU.ActiveCfg = Debug|Any CPU
		{3216935B-07B4-4C12-B4AC-C61BFCE5E24F}.Debug|Any CPU.Build.0 = Debug|Any CPU
		{3216935B-07B4-4C12-B4AC-C61BFCE5E24F}.Release|Any CPU.ActiveCfg = Release|Any CPU
		{3216935B-07B4-4C12-B4AC-C61BFCE5E24F}.Release|Any CPU.Build.0 = Release|Any CPU
	EndGlobalSection
	GlobalSection(SolutionProperties) = preSolution
		HideSolutionNode = FALSE
	EndGlobalSection
	GlobalSection(ExtensibilityGlobals) = postSolution
		SolutionGuid = {83DAAE64-E357-4590-930F-36615D499146}
	EndGlobalSection
EndGlobal
